{"format_version":"1.2","terraform_version":"1.13.4","planned_values":{"root_module":{"resources":[{"address":"aws_s3_bucket.test_bucket","mode":"managed","type":"aws_s3_bucket","name":"test_bucket","provider_name":"registry.terraform.io/hashicorp/aws","schema_version":0,"values":{"acl":"public-read","bucket":"junghyun-terraform-test-bucket","force_destroy":false,"tags":null,"timeouts":null},"sensitive_values":{"cors_rule":[],"grant":[],"lifecycle_rule":[],"logging":[],"object_lock_configuration":[],"replication_configuration":[],"server_side_encryption_configuration":[],"tags_all":{},"versioning":[],"website":[]}}]}},"resource_changes":[{"address":"aws_s3_bucket.test_bucket","mode":"managed","type":"aws_s3_bucket","name":"test_bucket","provider_name":"registry.terraform.io/hashicorp/aws","change":{"actions":["create"],"before":null,"after":{"acl":"public-read","bucket":"junghyun-terraform-test-bucket","force_destroy":false,"tags":null,"timeouts":null},"after_unknown":{"acceleration_status":true,"arn":true,"bucket_domain_name":true,"bucket_prefix":true,"bucket_regional_domain_name":true,"cors_rule":true,"grant":true,"hosted_zone_id":true,"id":true,"lifecycle_rule":true,"logging":true,"object_lock_configuration":true,"object_lock_enabled":true,"policy":true,"region":true,"replication_configuration":true,"request_payer":true,"server_side_encryption_configuration":true,"tags_all":true,"versioning":true,"website":true,"website_domain":true,"website_endpoint":true},"before_sensitive":false,"after_sensitive":{"cors_rule":[],"grant":[],"lifecycle_rule":[],"logging":[],"object_lock_configuration":[],"replication_configuration":[],"server_side_encryption_configuration":[],"tags_all":{},"versioning":[],"website":[]}}}],"configuration":{"provider_config":{"aws":{"name":"aws","full_name":"registry.terraform.io/hashicorp/aws","version_constraint":"~\u003e 5.0","expressions":{"region":{"constant_value":"us-west-2"}}}},"root_module":{"resources":[{"address":"aws_s3_bucket.test_bucket","mode":"managed","type":"aws_s3_bucket","name":"test_bucket","provider_config_key":"aws","expressions":{"acl":{"constant_value":"public-read"},"bucket":{"constant_value":"junghyun-terraform-test-bucket"}},"schema_version":0}]}},"timestamp":"2025-10-18T08:15:01Z","applyable":true,"complete":true,"errored":false}
